
Microsoft Visual Studio Solution File, Format Version 12.00
# Visual Studio Version 16
VisualStudioVersion = 16.0.30011.22
MinimumVisualStudioVersion = 10.0.40219.1
Project("{FAE04EC0-301F-11D3-BF4B-00C04F79EFBC}") = "GigHub", "GigHub.csproj", "{25DE11CE-B298-4CD3-AB55-B173DD0D5081}"
EndProject
Project("{FAE04EC0-301F-11D3-BF4B-00C04F79EFBC}") = "GigHub.Tests", "..\GigHub.Tests\GigHub.Tests.csproj", "{905571BF-1613-4007-A03A-D03D0E1D649D}"
EndProject
Global
	GlobalSection(SolutionConfigurationPlatforms) = preSolution
		Debug|Any CPU = Debug|Any CPU
		Release|Any CPU = Release|Any CPU
	EndGlobalSection
	GlobalSection(ProjectConfigurationPlatforms) = postSolution
		{25DE11CE-B298-4CD3-AB55-B173DD0D5081}.Debug|Any CPU.ActiveCfg = Debug|Any CPU
		{25DE11CE-B298-4CD3-AB55-B173DD0D5081}.Debug|Any CPU.Build.0 = Debug|Any CPU
		{25DE11CE-B298-4CD3-AB55-B173DD0D5081}.Release|Any CPU.ActiveCfg = Release|Any CPU
		{25DE11CE-B298-4CD3-AB55-B173DD0D5081}.Release|Any CPU.Build.0 = Release|Any CPU
		{905571BF-1613-4007-A03A-D03D0E1D649D}.Debug|Any CPU.ActiveCfg = Debug|Any CPU
		{905571BF-1613-4007-A03A-D03D0E1D649D}.Debug|Any CPU.Build.0 = Debug|Any CPU
		{905571BF-1613-4007-A03A-D03D0E1D649D}.Release|Any CPU.ActiveCfg = Release|Any CPU
		{905571BF-1613-4007-A03A-D03D0E1D649D}.Release|Any CPU.Build.0 = Release|Any CPU
	EndGlobalSection
	GlobalSection(SolutionProperties) = preSolution
		HideSolutionNode = FALSE
	EndGlobalSection
	GlobalSection(ExtensibilityGlobals) = postSolution
		SolutionGuid = {B3F34951-7C2F-4534-B2CE-8967B21EF555}
	EndGlobalSection
EndGlobal
